// !$*UTF8*$!
{
	archiveVersion = 1;
	classes = {
	};
	objectVersion = 50;
	objects = {

/* Begin PBXBuildFile section */
		9CC365D4215F7A34001D7BDD /* AppDelegate.swift in Sources */ = {isa = PBXBuildFile; fileRef = 9CC365D3215F7A34001D7BDD /* AppDelegate.swift */; };
		9CC365D6215F7A34001D7BDD /* ViewController.swift in Sources */ = {isa = PBXBuildFile; fileRef = 9CC365D5215F7A34001D7BDD /* ViewController.swift */; };
		9CC365D9215F7A34001D7BDD /* Main.storyboard in Resources */ = {isa = PBXBuildFile; fileRef = 9CC365D7215F7A34001D7BDD /* Main.storyboard */; };
		9CC365DC215F7A34001D7BDD /* TMDB.xcdatamodeld in Sources */ = {isa = PBXBuildFile; fileRef = 9CC365DA215F7A34001D7BDD /* TMDB.xcdatamodeld */; };
		9CC365DE215F7A36001D7BDD /* Assets.xcassets in Resources */ = {isa = PBXBuildFile; fileRef = 9CC365DD215F7A36001D7BDD /* Assets.xcassets */; };
		9CC365E1215F7A36001D7BDD /* LaunchScreen.storyboard in Resources */ = {isa = PBXBuildFile; fileRef = 9CC365DF215F7A36001D7BDD /* LaunchScreen.storyboard */; };
		9CC365EC215F7A36001D7BDD /* TMDBTests.swift in Sources */ = {isa = PBXBuildFile; fileRef = 9CC365EB215F7A36001D7BDD /* TMDBTests.swift */; };
		9CC365F7215F7A36001D7BDD /* TMDBUITests.swift in Sources */ = {isa = PBXBuildFile; fileRef = 9CC365F6215F7A36001D7BDD /* TMDBUITests.swift */; };
/* End PBXBuildFile section */

/* Begin PBXContainerItemProxy section */
		9CC365E8215F7A36001D7BDD /* PBXContainerItemProxy */ = {
			isa = PBXContainerItemProxy;
			containerPortal = 9CC365C8215F7A34001D7BDD /* Project object */;
			proxyType = 1;
			remoteGlobalIDString = 9CC365CF215F7A34001D7BDD;
			remoteInfo = TMDB;
		};
		9CC365F3215F7A36001D7BDD /* PBXContainerItemProxy */ = {
			isa = PBXContainerItemProxy;
			containerPortal = 9CC365C8215F7A34001D7BDD /* Project object */;
			proxyType = 1;
			remoteGlobalIDString = 9CC365CF215F7A34001D7BDD;
			remoteInfo = TMDB;
		};
/* End PBXContainerItemProxy section */

/* Begin PBXFileReference section */
		9CC365D0215F7A34001D7BDD /* TMDB.app */ = {isa = PBXFileReference; explicitFileType = wrapper.application; includeInIndex = 0; path = TMDB.app; sourceTree = BUILT_PRODUCTS_DIR; };
		9CC365D3215F7A34001D7BDD /* AppDelegate.swift */ = {isa = PBXFileReference; lastKnownFileType = sourcecode.swift; path = AppDelegate.swift; sourceTree = "<group>"; };
		9CC365D5215F7A34001D7BDD /* ViewController.swift */ = {isa = PBXFileReference; lastKnownFileType = sourcecode.swift; path = ViewController.swift; sourceTree = "<group>"; };
		9CC365D8215F7A34001D7BDD /* Base */ = {isa = PBXFileReference; lastKnownFileType = file.storyboard; name = Base; path = Base.lproj/Main.storyboard; sourceTree = "<group>"; };
		9CC365DB215F7A34001D7BDD /* TMDB.xcdatamodel */ = {isa = PBXFileReference; lastKnownFileType = wrapper.xcdatamodel; path = TMDB.xcdatamodel; sourceTree = "<group>"; };
		9CC365DD215F7A36001D7BDD /* Assets.xcassets */ = {isa = PBXFileReference; lastKnownFileType = folder.assetcatalog; path = Assets.xcassets; sourceTree = "<group>"; };
		9CC365E0215F7A36001D7BDD /* Base */ = {isa = PBXFileReference; lastKnownFileType = file.storyboard; name = Base; path = Base.lproj/LaunchScreen.storyboard; sourceTree = "<group>"; };
		9CC365E2215F7A36001D7BDD /* Info.plist */ = {isa = PBXFileReference; lastKnownFileType = text.plist.xml; path = Info.plist; sourceTree = "<group>"; };
		9CC365E7215F7A36001D7BDD /* TMDBTests.xctest */ = {isa = PBXFileReference; explicitFileType = wrapper.cfbundle; includeInIndex = 0; path = TMDBTests.xctest; sourceTree = BUILT_PRODUCTS_DIR; };
		9CC365EB215F7A36001D7BDD /* TMDBTests.swift */ = {isa = PBXFileReference; lastKnownFileType = sourcecode.swift; path = TMDBTests.swift; sourceTree = "<group>"; };
		9CC365ED215F7A36001D7BDD /* Info.plist */ = {isa = PBXFileReference; lastKnownFileType = text.plist.xml; path = Info.plist; sourceTree = "<group>"; };
		9CC365F2215F7A36001D7BDD /* TMDBUITests.xctest */ = {isa = PBXFileReference; explicitFileType = wrapper.cfbundle; includeInIndex = 0; path = TMDBUITests.xctest; sourceTree = BUILT_PRODUCTS_DIR; };
		9CC365F6215F7A36001D7BDD /* TMDBUITests.swift */ = {isa = PBXFileReference; lastKnownFileType = sourcecode.swift; path = TMDBUITests.swift; sourceTree = "<group>"; };
		9CC365F8215F7A36001D7BDD /* Info.plist */ = {isa = PBXFileReference; lastKnownFileType = text.plist.xml; path = Info.plist; sourceTree = "<group>"; };
/* End PBXFileReference section */

/* Begin PBXFrameworksBuildPhase section */
		9CC365CD215F7A34001D7BDD /* Frameworks */ = {
			isa = PBXFrameworksBuildPhase;
			buildActionMask = 2147483647;
			files = (
			);
			runOnlyForDeploymentPostprocessing = 0;
		};
		9CC365E4215F7A36001D7BDD /* Frameworks */ = {
			isa = PBXFrameworksBuildPhase;
			buildActionMask = 2147483647;
			files = (
			);
			runOnlyForDeploymentPostprocessing = 0;
		};
		9CC365EF215F7A36001D7BDD /* Frameworks */ = {
			isa = PBXFrameworksBuildPhase;
			buildActionMask = 2147483647;
			files = (
			);
			runOnlyForDeploymentPostprocessing = 0;
		};
/* End PBXFrameworksBuildPhase section */

/* Begin PBXGroup section */
		9CC365C7215F7A34001D7BDD = {
			isa = PBXGroup;
			children = (
				9CC365D2215F7A34001D7BDD /* TMDB */,
				9CC365EA215F7A36001D7BDD /* TMDBTests */,
				9CC365F5215F7A36001D7BDD /* TMDBUITests */,
				9CC365D1215F7A34001D7BDD /* Products */,
			);
			sourceTree = "<group>";
		};
		9CC365D1215F7A34001D7BDD /* Products */ = {
			isa = PBXGroup;
			children = (
				9CC365D0215F7A34001D7BDD /* TMDB.app */,
				9CC365E7215F7A36001D7BDD /* TMDBTests.xctest */,
				9CC365F2215F7A36001D7BDD /* TMDBUITests.xctest */,
			);
			name = Products;
			sourceTree = "<group>";
		};
		9CC365D2215F7A34001D7BDD /* TMDB */ = {
			isa = PBXGroup;
			children = (
				9CC365D3215F7A34001D7BDD /* AppDelegate.swift */,
				9CC365D5215F7A34001D7BDD /* ViewController.swift */,
				9CC365D7215F7A34001D7BDD /* Main.storyboard */,
				9CC365DD215F7A36001D7BDD /* Assets.xcassets */,
				9CC365DF215F7A36001D7BDD /* LaunchScreen.storyboard */,
				9CC365E2215F7A36001D7BDD /* Info.plist */,
				9CC365DA215F7A34001D7BDD /* TMDB.xcdatamodeld */,
			);
			path = TMDB;
			sourceTree = "<group>";
		};
		9CC365EA215F7A36001D7BDD /* TMDBTests */ = {
			isa = PBXGroup;
			children = (
				9CC365EB215F7A36001D7BDD /* TMDBTests.swift */,
				9CC365ED215F7A36001D7BDD /* Info.plist */,
			);
			path = TMDBTests;
			sourceTree = "<group>";
		};
		9CC365F5215F7A36001D7BDD /* TMDBUITests */ = {
			isa = PBXGroup;
			children = (
				9CC365F6215F7A36001D7BDD /* TMDBUITests.swift */,
				9CC365F8215F7A36001D7BDD /* Info.plist */,
			);
			path = TMDBUITests;
			sourceTree = "<group>";
		};
/* End PBXGroup section */

/* Begin PBXNativeTarget section */
		9CC365CF215F7A34001D7BDD /* TMDB */ = {
			isa = PBXNativeTarget;
			buildConfigurationList = 9CC365FB215F7A36001D7BDD /* Build configuration list for PBXNativeTarget "TMDB" */;
			buildPhases = (
				9CC365CC215F7A34001D7BDD /* Sources */,
				9CC365CD215F7A34001D7BDD /* Frameworks */,
				9CC365CE215F7A34001D7BDD /* Resources */,
			);
			buildRules = (
			);
			dependencies = (
			);
			name = TMDB;
			productName = TMDB;
			productReference = 9CC365D0215F7A34001D7BDD /* TMDB.app */;
			productType = "com.apple.product-type.application";
		};
		9CC365E6215F7A36001D7BDD /* TMDBTests */ = {
			isa = PBXNativeTarget;
			buildConfigurationList = 9CC365FE215F7A36001D7BDD /* Build configuration list for PBXNativeTarget "TMDBTests" */;
			buildPhases = (
				9CC365E3215F7A36001D7BDD /* Sources */,
				9CC365E4215F7A36001D7BDD /* Frameworks */,
				9CC365E5215F7A36001D7BDD /* Resources */,
			);
			buildRules = (
			);
			dependencies = (
				9CC365E9215F7A36001D7BDD /* PBXTargetDependency */,
			);
			name = TMDBTests;
			productName = TMDBTests;
			productReference = 9CC365E7215F7A36001D7BDD /* TMDBTests.xctest */;
			productType = "com.apple.product-type.bundle.unit-test";
		};
		9CC365F1215F7A36001D7BDD /* TMDBUITests */ = {
			isa = PBXNativeTarget;
			buildConfigurationList = 9CC36601215F7A36001D7BDD /* Build configuration list for PBXNativeTarget "TMDBUITests" */;
			buildPhases = (
				9CC365EE215F7A36001D7BDD /* Sources */,
				9CC365EF215F7A36001D7BDD /* Frameworks */,
				9CC365F0215F7A36001D7BDD /* Resources */,
			);
			buildRules = (
			);
			dependencies = (
				9CC365F4215F7A36001D7BDD /* PBXTargetDependency */,
			);
			name = TMDBUITests;
			productName = TMDBUITests;
			productReference = 9CC365F2215F7A36001D7BDD /* TMDBUITests.xctest */;
			productType = "com.apple.product-type.bundle.ui-testing";
		};
/* End PBXNativeTarget section */

/* Begin PBXProject section */
		9CC365C8215F7A34001D7BDD /* Project object */ = {
			isa = PBXProject;
			attributes = {
				LastSwiftUpdateCheck = 0940;
				LastUpgradeCheck = 0940;
				ORGANIZATIONNAME = "Taimur Ajmal";
				TargetAttributes = {
					9CC365CF215F7A34001D7BDD = {
						CreatedOnToolsVersion = 9.4;
					};
					9CC365E6215F7A36001D7BDD = {
						CreatedOnToolsVersion = 9.4;
						TestTargetID = 9CC365CF215F7A34001D7BDD;
					};
					9CC365F1215F7A36001D7BDD = {
						CreatedOnToolsVersion = 9.4;
						TestTargetID = 9CC365CF215F7A34001D7BDD;
					};
				};
			};
			buildConfigurationList = 9CC365CB215F7A34001D7BDD /* Build configuration list for PBXProject "TMDB" */;
			compatibilityVersion = "Xcode 9.3";
			developmentRegion = en;
			hasScannedForEncodings = 0;
			knownRegions = (
				en,
				Base,
			);
			mainGroup = 9CC365C7215F7A34001D7BDD;
			productRefGroup = 9CC365D1215F7A34001D7BDD /* Products */;
			projectDirPath = "";
			projectRoot = "";
			targets = (
				9CC365CF215F7A34001D7BDD /* TMDB */,
				9CC365E6215F7A36001D7BDD /* TMDBTests */,
				9CC365F1215F7A36001D7BDD /* TMDBUITests */,
			);
		};
/* End PBXProject section */

/* Begin PBXResourcesBuildPhase section */
		9CC365CE215F7A34001D7BDD /* Resources */ = {
			isa = PBXResourcesBuildPhase;
			buildActionMask = 2147483647;
			files = (
				9CC365E1215F7A36001D7BDD /* LaunchScreen.storyboard in Resources */,
				9CC365DE215F7A36001D7BDD /* Assets.xcassets in Resources */,
				9CC365D9215F7A34001D7BDD /* Main.storyboard in Resources */,
			);
			runOnlyForDeploymentPostprocessing = 0;
		};
		9CC365E5215F7A36001D7BDD /* Resources */ = {
			isa = PBXResourcesBuildPhase;
			buildActionMask = 2147483647;
			files = (
			);
			runOnlyForDeploymentPostprocessing = 0;
		};
		9CC365F0215F7A36001D7BDD /* Resources */ = {
			isa = PBXResourcesBuildPhase;
			buildActionMask = 2147483647;
			files = (
			);
			runOnlyForDeploymentPostprocessing = 0;
		};
/* End PBXResourcesBuildPhase section */

/* Begin PBXSourcesBuildPhase section */
		9CC365CC215F7A34001D7BDD /* Sources */ = {
			isa = PBXSourcesBuildPhase;
			buildActionMask = 2147483647;
			files = (
				9CC365D6215F7A34001D7BDD /* ViewController.swift in Sources */,
				9CC365DC215F7A34001D7BDD /* TMDB.xcdatamodeld in Sources */,
				9CC365D4215F7A34001D7BDD /* AppDelegate.swift in Sources */,
			);
			runOnlyForDeploymentPostprocessing = 0;
		};
		9CC365E3215F7A36001D7BDD /* Sources */ = {
			isa = PBXSourcesBuildPhase;
			buildActionMask = 2147483647;
			files = (
				9CC365EC215F7A36001D7BDD /* TMDBTests.swift in Sources */,
			);
			runOnlyForDeploymentPostprocessing = 0;
		};
		9CC365EE215F7A36001D7BDD /* Sources */ = {
			isa = PBXSourcesBuildPhase;
			buildActionMask = 2147483647;
			files = (
				9CC365F7215F7A36001D7BDD /* TMDBUITests.swift in Sources */,
			);
			runOnlyForDeploymentPostprocessing = 0;
		};
/* End PBXSourcesBuildPhase section */

/* Begin PBXTargetDependency section */
		9CC365E9215F7A36001D7BDD /* PBXTargetDependency */ = {
			isa = PBXTargetDependency;
			target = 9CC365CF215F7A34001D7BDD /* TMDB */;
			targetProxy = 9CC365E8215F7A36001D7BDD /* PBXContainerItemProxy */;
		};
		9CC365F4215F7A36001D7BDD /* PBXTargetDependency */ = {
			isa = PBXTargetDependency;
			target = 9CC365CF215F7A34001D7BDD /* TMDB */;
			targetProxy = 9CC365F3215F7A36001D7BDD /* PBXContainerItemProxy */;
		};
/* End PBXTargetDependency section */

/* Begin PBXVariantGroup section */
		9CC365D7215F7A34001D7BDD /* Main.storyboard */ = {
			isa = PBXVariantGroup;
			children = (
				9CC365D8215F7A34001D7BDD /* Base */,
			);
			name = Main.storyboard;
			sourceTree = "<group>";
		};
		9CC365DF215F7A36001D7BDD /* LaunchScreen.storyboard */ = {
			isa = PBXVariantGroup;
			children = (
				9CC365E0215F7A36001D7BDD /* Base */,
			);
			name = LaunchScreen.storyboard;
			sourceTree = "<group>";
		};
/* End PBXVariantGroup section */

/* Begin XCBuildConfiguration section */
		9CC365F9215F7A36001D7BDD /* Debug */ = {
			isa = XCBuildConfiguration;
			buildSettings = {
				ALWAYS_SEARCH_USER_PATHS = NO;
				CLANG_ANALYZER_NONNULL = YES;
				CLANG_ANALYZER_NUMBER_OBJECT_CONVERSION = YES_AGGRESSIVE;
				CLANG_CXX_LANGUAGE_STANDARD = "gnu++14";
				CLANG_CXX_LIBRARY = "libc++";
				CLANG_ENABLE_MODULES = YES;
				CLANG_ENABLE_OBJC_ARC = YES;
				CLANG_ENABLE_OBJC_WEAK = YES;
				CLANG_WARN_BLOCK_CAPTURE_AUTORELEASING = YES;
				CLANG_WARN_BOOL_CONVERSION = YES;
				CLANG_WARN_COMMA = YES;
				CLANG_WARN_CONSTANT_CONVERSION = YES;
				CLANG_WARN_DEPRECATED_OBJC_IMPLEMENTATIONS = YES;
				CLANG_WARN_DIRECT_OBJC_ISA_USAGE = YES_ERROR;
				CLANG_WARN_DOCUMENTATION_COMMENTS = YES;
				CLANG_WARN_EMPTY_BODY = YES;
				CLANG_WARN_ENUM_CONVERSION = YES;
				CLANG_WARN_INFINITE_RECURSION = YES;
				CLANG_WARN_INT_CONVERSION = YES;
				CLANG_WARN_NON_LITERAL_NULL_CONVERSION = YES;
				CLANG_WARN_OBJC_IMPLICIT_RETAIN_SELF = YES;
				CLANG_WARN_OBJC_LITERAL_CONVERSION = YES;
				CLANG_WARN_OBJC_ROOT_CLASS = YES_ERROR;
				CLANG_WARN_RANGE_LOOP_ANALYSIS = YES;
				CLANG_WARN_STRICT_PROTOTYPES = YES;
				CLANG_WARN_SUSPICIOUS_MOVE = YES;
				CLANG_WARN_UNGUARDED_AVAILABILITY = YES_AGGRESSIVE;
				CLANG_WARN_UNREACHABLE_CODE = YES;
				CLANG_WARN__DUPLICATE_METHOD_MATCH = YES;
				CODE_SIGN_IDENTITY = "iPhone Developer";
				COPY_PHASE_STRIP = NO;
				DEBUG_INFORMATION_FORMAT = dwarf;
				ENABLE_STRICT_OBJC_MSGSEND = YES;
				ENABLE_TESTABILITY = YES;
				GCC_C_LANGUAGE_STANDARD = gnu11;
				GCC_DYNAMIC_NO_PIC = NO;
				GCC_NO_COMMON_BLOCKS = YES;
				GCC_OPTIMIZATION_LEVEL = 0;
				GCC_PREPROCESSOR_DEFINITIONS = (
					"DEBUG=1",
					"$(inherited)",
				);
				GCC_WARN_64_TO_32_BIT_CONVERSION = YES;
				GCC_WARN_ABOUT_RETURN_TYPE = YES_ERROR;
				GCC_WARN_UNDECLARED_SELECTOR = YES;
				GCC_WARN_UNINITIALIZED_AUTOS = YES_AGGRESSIVE;
				GCC_WARN_UNUSED_FUNCTION = YES;
				GCC_WARN_UNUSED_VARIABLE = YES;
				IPHONEOS_DEPLOYMENT_TARGET = 11.4;
				MTL_ENABLE_DEBUG_INFO = YES;
				ONLY_ACTIVE_ARCH = YES;
				SDKROOT = iphoneos;
				SWIFT_ACTIVE_COMPILATION_CONDITIONS = DEBUG;
				SWIFT_OPTIMIZATION_LEVEL = "-Onone";
			};
			name = Debug;
		};
		9CC365FA215F7A36001D7BDD /* Release */ = {
			isa = XCBuildConfiguration;
			buildSettings = {
				ALWAYS_SEARCH_USER_PATHS = NO;
				CLANG_ANALYZER_NONNULL = YES;
				CLANG_ANALYZER_NUMBER_OBJECT_CONVERSION = YES_AGGRESSIVE;
				CLANG_CXX_LANGUAGE_STANDARD = "gnu++14";
				CLANG_CXX_LIBRARY = "libc++";
				CLANG_ENABLE_MODULES = YES;
				CLANG_ENABLE_OBJC_ARC = YES;
				CLANG_ENABLE_OBJC_WEAK = YES;
				CLANG_WARN_BLOCK_CAPTURE_AUTORELEASING = YES;
				CLANG_WARN_BOOL_CONVERSION = YES;
				CLANG_WARN_COMMA = YES;
				CLANG_WARN_CONSTANT_CONVERSION = YES;
				CLANG_WARN_DEPRECATED_OBJC_IMPLEMENTATIONS = YES;
				CLANG_WARN_DIRECT_OBJC_ISA_USAGE = YES_ERROR;
				CLANG_WARN_DOCUMENTATION_COMMENTS = YES;
				CLANG_WARN_EMPTY_BODY = YES;
				CLANG_WARN_ENUM_CONVERSION = YES;
				CLANG_WARN_INFINITE_RECURSION = YES;
				CLANG_WARN_INT_CONVERSION = YES;
				CLANG_WARN_NON_LITERAL_NULL_CONVERSION = YES;
				CLANG_WARN_OBJC_IMPLICIT_RETAIN_SELF = YES;
				CLANG_WARN_OBJC_LITERAL_CONVERSION = YES;
				CLANG_WARN_OBJC_ROOT_CLASS = YES_ERROR;
				CLANG_WARN_RANGE_LOOP_ANALYSIS = YES;
				CLANG_WARN_STRICT_PROTOTYPES = YES;
				CLANG_WARN_SUSPICIOUS_MOVE = YES;
				CLANG_WARN_UNGUARDED_AVAILABILITY = YES_AGGRESSIVE;
				CLANG_WARN_UNREACHABLE_CODE = YES;
				CLANG_WARN__DUPLICATE_METHOD_MATCH = YES;
				CODE_SIGN_IDENTITY = "iPhone Developer";
				COPY_PHASE_STRIP = NO;
				DEBUG_INFORMATION_FORMAT = "dwarf-with-dsym";
				ENABLE_NS_ASSERTIONS = NO;
				ENABLE_STRICT_OBJC_MSGSEND = YES;
				GCC_C_LANGUAGE_STANDARD = gnu11;
				GCC_NO_COMMON_BLOCKS = YES;
				GCC_WARN_64_TO_32_BIT_CONVERSION = YES;
				GCC_WARN_ABOUT_RETURN_TYPE = YES_ERROR;
				GCC_WARN_UNDECLARED_SELECTOR = YES;
				GCC_WARN_UNINITIALIZED_AUTOS = YES_AGGRESSIVE;
				GCC_WARN_UNUSED_FUNCTION = YES;
				GCC_WARN_UNUSED_VARIABLE = YES;
				IPHONEOS_DEPLOYMENT_TARGET = 11.4;
				MTL_ENABLE_DEBUG_INFO = NO;
				SDKROOT = iphoneos;
				SWIFT_COMPILATION_MODE = wholemodule;
				SWIFT_OPTIMIZATION_LEVEL = "-O";
				VALIDATE_PRODUCT = YES;
			};
			name = Release;
		};
		9CC365FC215F7A36001D7BDD /* Debug */ = {
			isa = XCBuildConfiguration;
			buildSettings = {
				ASSETCATALOG_COMPILER_APPICON_NAME = AppIcon;
				CODE_SIGN_STYLE = Automatic;
				DEVELOPMENT_TEAM = ZBPP83795K;
				INFOPLIST_FILE = TMDB/Info.plist;
				LD_RUNPATH_SEARCH_PATHS = (
					"$(inherited)",
					"@executable_path/Frameworks",
				);
				PRODUCT_BUNDLE_IDENTIFIER = com.careem..TMDB;
				PRODUCT_NAME = "$(TARGET_NAME)";
				SWIFT_VERSION = 4.0;
				TARGETED_DEVICE_FAMILY = "1,2";
			};
			name = Debug;
		};
		9CC365FD215F7A36001D7BDD /* Release */ = {
			isa = XCBuildConfiguration;
			buildSettings = {
				ASSETCATALOG_COMPILER_APPICON_NAME = AppIcon;
				CODE_SIGN_STYLE = Automatic;
				DEVELOPMENT_TEAM = ZBPP83795K;
				INFOPLIST_FILE = TMDB/Info.plist;
				LD_RUNPATH_SEARCH_PATHS = (
					"$(inherited)",
					"@executable_path/Frameworks",
				);
				PRODUCT_BUNDLE_IDENTIFIER = com.careem..TMDB;
				PRODUCT_NAME = "$(TARGET_NAME)";
				SWIFT_VERSION = 4.0;
				TARGETED_DEVICE_FAMILY = "1,2";
			};
			name = Release;
		};
		9CC365FF215F7A36001D7BDD /* Debug */ = {
			isa = XCBuildConfiguration;
			buildSettings = {
				ALWAYS_EMBED_SWIFT_STANDARD_LIBRARIES = YES;
				BUNDLE_LOADER = "$(TEST_HOST)";
				CODE_SIGN_STYLE = Automatic;
				DEVELOPMENT_TEAM = ZBPP83795K;
				INFOPLIST_FILE = TMDBTests/Info.plist;
				LD_RUNPATH_SEARCH_PATHS = (
					"$(inherited)",
					"@executable_path/Frameworks",
					"@loader_path/Frameworks",
				);
				PRODUCT_BUNDLE_IDENTIFIER = com.careem..TMDBTests;
				PRODUCT_NAME = "$(TARGET_NAME)";
				SWIFT_VERSION = 4.0;
				TARGETED_DEVICE_FAMILY = "1,2";
				TEST_HOST = "$(BUILT_PRODUCTS_DIR)/TMDB.app/TMDB";
			};
			name = Debug;
		};
		9CC36600215F7A36001D7BDD /* Release */ = {
			isa = XCBuildConfiguration;
			buildSettings = {
				ALWAYS_EMBED_SWIFT_STANDARD_LIBRARIES = YES;
				BUNDLE_LOADER = "$(TEST_HOST)";
				CODE_SIGN_STYLE = Automatic;
				DEVELOPMENT_TEAM = ZBPP83795K;
				INFOPLIST_FILE = TMDBTests/Info.plist;
				LD_RUNPATH_SEARCH_PATHS = (
					"$(inherited)",
					"@executable_path/Frameworks",
					"@loader_path/Frameworks",
				);
				PRODUCT_BUNDLE_IDENTIFIER = com.careem..TMDBTests;
				PRODUCT_NAME = "$(TARGET_NAME)";
				SWIFT_VERSION = 4.0;
				TARGETED_DEVICE_FAMILY = "1,2";
				TEST_HOST = "$(BUILT_PRODUCTS_DIR)/TMDB.app/TMDB";
			};
			name = Release;
		};
		9CC36602215F7A36001D7BDD /* Debug */ = {
			isa = XCBuildConfiguration;
			buildSettings = {
				ALWAYS_EMBED_SWIFT_STANDARD_LIBRARIES = YES;
				CODE_SIGN_STYLE = Automatic;
				DEVELOPMENT_TEAM = ZBPP83795K;
				INFOPLIST_FILE = TMDBUITests/Info.plist;
				LD_RUNPATH_SEARCH_PATHS = (
					"$(inherited)",
					"@executable_path/Frameworks",
					"@loader_path/Frameworks",
				);
				PRODUCT_BUNDLE_IDENTIFIER = com.careem..TMDBUITests;
				PRODUCT_NAME = "$(TARGET_NAME)";
				SWIFT_VERSION = 4.0;
				TARGETED_DEVICE_FAMILY = "1,2";
				TEST_TARGET_NAME = TMDB;
			};
			name = Debug;
		};
		9CC36603215F7A36001D7BDD /* Release */ = {
			isa = XCBuildConfiguration;
			buildSettings = {
				ALWAYS_EMBED_SWIFT_STANDARD_LIBRARIES = YES;
				CODE_SIGN_STYLE = Automatic;
				DEVELOPMENT_TEAM = ZBPP83795K;
				INFOPLIST_FILE = TMDBUITests/Info.plist;
				LD_RUNPATH_SEARCH_PATHS = (
					"$(inherited)",
					"@executable_path/Frameworks",
					"@loader_path/Frameworks",
				);
				PRODUCT_BUNDLE_IDENTIFIER = com.careem..TMDBUITests;
				PRODUCT_NAME = "$(TARGET_NAME)";
				SWIFT_VERSION = 4.0;
				TARGETED_DEVICE_FAMILY = "1,2";
				TEST_TARGET_NAME = TMDB;
			};
			name = Release;
		};
/* End XCBuildConfiguration section */

/* Begin XCConfigurationList section */
		9CC365CB215F7A34001D7BDD /* Build configuration list for PBXProject "TMDB" */ = {
			isa = XCConfigurationList;
			buildConfigurations = (
				9CC365F9215F7A36001D7BDD /* Debug */,
				9CC365FA215F7A36001D7BDD /* Release */,
			);
			defaultConfigurationIsVisible = 0;
			defaultConfigurationName = Release;
		};
		9CC365FB215F7A36001D7BDD /* Build configuration list for PBXNativeTarget "TMDB" */ = {
			isa = XCConfigurationList;
			buildConfigurations = (
				9CC365FC215F7A36001D7BDD /* Debug */,
				9CC365FD215F7A36001D7BDD /* Release */,
			);
			defaultConfigurationIsVisible = 0;
			defaultConfigurationName = Release;
		};
		9CC365FE215F7A36001D7BDD /* Build configuration list for PBXNativeTarget "TMDBTests" */ = {
			isa = XCConfigurationList;
			buildConfigurations = (
				9CC365FF215F7A36001D7BDD /* Debug */,
				9CC36600215F7A36001D7BDD /* Release */,
			);
			defaultConfigurationIsVisible = 0;
			defaultConfigurationName = Release;
		};
		9CC36601215F7A36001D7BDD /* Build configuration list for PBXNativeTarget "TMDBUITests" */ = {
			isa = XCConfigurationList;
			buildConfigurations = (
				9CC36602215F7A36001D7BDD /* Debug */,
				9CC36603215F7A36001D7BDD /* Release */,
			);
			defaultConfigurationIsVisible = 0;
			defaultConfigurationName = Release;
		};
/* End XCConfigurationList section */

/* Begin XCVersionGroup section */
		9CC365DA215F7A34001D7BDD /* TMDB.xcdatamodeld */ = {
			isa = XCVersionGroup;
			children = (
				9CC365DB215F7A34001D7BDD /* TMDB.xcdatamodel */,
			);
			currentVersion = 9CC365DB215F7A34001D7BDD /* TMDB.xcdatamodel */;
			path = TMDB.xcdatamodeld;
			sourceTree = "<group>";
			versionGroupType = wrapper.xcdatamodel;
		};
/* End XCVersionGroup section */
	};
	rootObject = 9CC365C8215F7A34001D7BDD /* Project object */;
}
